{
  "pins" : [
    {
      "identity" : "foundationcompatkit",
      "kind" : "remoteSourceControl",
      "location" : "https://github.com/JWIMaster/FoundationCompatKit.git",
      "state" : {
        "branch" : "master",
        "revision" : "3e3a94ef4dd9c03d88b188cae7fc2362e26bd427"
      }
    },
    {
      "identity" : "gpuimage1swift",
      "kind" : "remoteSourceControl",
      "location" : "https://github.com/JWIMaster/GPUImage1Swift.git",
      "state" : {
        "branch" : "master",
        "revision" : "4a936d991f248bb18373aba4c326055b04f3e566"
      }
    },
    {
      "identity" : "opencombine",
      "kind" : "remoteSourceControl",
      "location" : "https://github.com/JWIMaster/OpenCombine.git",
      "state" : {
        "branch" : "master",
        "revision" : "610725d1d68d34bc6535cdd4366dd30603856c76"
      }
    },
    {
      "identity" : "sfsymbolscompatkit",
      "kind" : "remoteSourceControl",
      "location" : "https://github.com/JWIMaster/SFSymbolsCompatKit.git",
      "state" : {
        "branch" : "master",
        "revision" : "11c03d3f011eccfacdfdbd981b68e8f0b5bd8457"
      }
    },
    {
      "identity" : "uikitcompatkit",
      "kind" : "remoteSourceControl",
      "location" : "https://github.com/JWIMaster/UIKitCompatKit.git",
      "state" : {
        "branch" : "master",
        "revision" : "c4ef6d67c9189bdb628aced4995afef4041bbcea"
      }
    }
  ],
  "version" : 2
}
